
Microsoft Visual Studio Solution File, Format Version 12.00
# Visual Studio Version 16
VisualStudioVersion = 16.0.29806.167
MinimumVisualStudioVersion = 10.0.40219.1
Project("{8BC9CEB8-8B4A-11D0-8D11-00A0C91BC942}") = "Data_Structure", "Data_Structure.vcxproj", "{F07536C3-1C4D-4C83-BA7B-CC0CF67F74D1}"
EndProject
Global
	GlobalSection(SolutionConfigurationPlatforms) = preSolution
		Debug|x64 = Debug|x64
		Debug|x86 = Debug|x86
		Release|x64 = Release|x64
		Release|x86 = Release|x86
	EndGlobalSection
	GlobalSection(ProjectConfigurationPlatforms) = postSolution
		{F07536C3-1C4D-4C83-BA7B-CC0CF67F74D1}.Debug|x64.ActiveCfg = Debug|x64
		{F07536C3-1C4D-4C83-BA7B-CC0CF67F74D1}.Debug|x64.Build.0 = Debug|x64
		{F07536C3-1C4D-4C83-BA7B-CC0CF67F74D1}.Debug|x86.ActiveCfg = Debug|Win32
		{F07536C3-1C4D-4C83-BA7B-CC0CF67F74D1}.Debug|x86.Build.0 = Debug|Win32
		{F07536C3-1C4D-4C83-BA7B-CC0CF67F74D1}.Release|x64.ActiveCfg = Release|x64
		{F07536C3-1C4D-4C83-BA7B-CC0CF67F74D1}.Release|x64.Build.0 = Release|x64
		{F07536C3-1C4D-4C83-BA7B-CC0CF67F74D1}.Release|x86.ActiveCfg = Release|Win32
		{F07536C3-1C4D-4C83-BA7B-CC0CF67F74D1}.Release|x86.Build.0 = Release|Win32
	EndGlobalSection
	GlobalSection(SolutionProperties) = preSolution
		HideSolutionNode = FALSE
	EndGlobalSection
	GlobalSection(ExtensibilityGlobals) = postSolution
		SolutionGuid = {1130253D-ABB2-443B-806D-1DCFB6957292}
	EndGlobalSection
EndGlobal
